# THIS IS AN AUTOGENERATED FILE. DO NOT EDIT THIS FILE DIRECTLY.
# yarn lockfile v1
apex.js@^2.0.0:
  version "2.0.0"
  resolved "https://registry.yarnpkg.com/apex.js/-/apex.js-2.0.0.tgz#8134c30ae0941aabe85945499d374a6e6abe2ce7"

axios:
  version "0.15.2"
  resolved "https://registry.yarnpkg.com/axios/-/axios-0.15.2.tgz#496f50980b2ce1ad2e195af93c2d03b4d035e90d"
  dependencies:
    follow-redirects "0.0.7"

babel-runtime@^6.9.2:
  version "6.18.0"
  resolved "https://registry.yarnpkg.com/babel-runtime/-/babel-runtime-6.18.0.tgz#0f4177ffd98492ef13b9f823e9994a02584c9078"
  dependencies:
    core-js "^2.4.0"
    regenerator-runtime "^0.9.5"

core-js@^2.4.0:
  version "2.4.1"
  resolved "https://registry.yarnpkg.com/core-js/-/core-js-2.4.1.tgz#4de911e667b0eae9124e34254b53aea6fc618d3e"

debug@^2.2.0:
  version "2.3.2"
  resolved "https://registry.yarnpkg.com/debug/-/debug-2.3.2.tgz#94cb466ef7d6d2c7e5245cdd6e4104f2d0d70d30"
  dependencies:
    ms "0.7.2"

follow-redirects@0.0.7:
  version "0.0.7"
  resolved "https://registry.yarnpkg.com/follow-redirects/-/follow-redirects-0.0.7.tgz#34b90bab2a911aa347571da90f22bd36ecd8a919"
  dependencies:
    debug "^2.2.0"
    stream-consume "^0.1.0"

ms@0.7.2:
  version "0.7.2"
  resolved "https://registry.yarnpkg.com/ms/-/ms-0.7.2.tgz#ae25cf2512b3885a1d95d7f037868d8431124765"

regenerator-runtime@^0.9.5:
  version "0.9.6"
  resolved "https://registry.yarnpkg.com/regenerator-runtime/-/regenerator-runtime-0.9.6.tgz#d33eb95d0d2001a4be39659707c51b0cb71ce029"

stream-consume@^0.1.0:
  version "0.1.0"
  resolved "https://registry.yarnpkg.com/stream-consume/-/stream-consume-0.1.0.tgz#a41ead1a6d6081ceb79f65b061901b6d8f3d1d0f"

